<?xml version="1.0" encoding="utf-8"?>
<Project ToolsVersion="4.0" xmlns="http://schemas.microsoft.com/developer/msbuild/2003">
  <ItemGroup>
    <Filter Include="Source Files">
      <UniqueIdentifier>{4FC737F1-C7A5-4376-A066-2A32D752A2FF}</UniqueIdentifier>
      <Extensions>cpp;c;cc;cxx;def;odl;idl;hpj;bat;asm;asmx</Extensions>
    </Filter>
    <Filter Include="Header Files">
      <UniqueIdentifier>{93995380-89BD-4b04-88EB-625FBE52EBFB}</UniqueIdentifier>
      <Extensions>h;hh;hpp;hxx;hm;inl;inc;ipp;xsd</Extensions>
    </Filter>
    <Filter Include="Resource Files">
      <UniqueIdentifier>{67DA6AB6-F800-4c08-8B7A-83BB121AAD01}</UniqueIdentifier>
      <Extensions>rc;ico;cur;bmp;dlg;rc2;rct;bin;rgs;gif;jpg;jpeg;jpe;resx;tiff;tif;png;wav;mfcribbon-ms</Extensions>
    </Filter>
  </ItemGroup>
  <ItemGroup>
    <ClCompile Include="src\application\Application.cc">
      <Filter>Source Files</Filter>
    </ClCompile>
    <ClCompile Include="src\drawing\DrawFunctions.cc">
      <Filter>Source Files</Filter>
    </ClCompile>
    <ClCompile Include="src\events\InputManager.cc">
      <Filter>Source Files</Filter>
    </ClCompile>
    <ClCompile Include="src\fonts\FontAtlas.cc">
      <Filter>Source Files</Filter>
    </ClCompile>
    <ClCompile Include="src\fonts\FontAtlasManager.cc">
      <Filter>Source Files</Filter>
    </ClCompile>
    <ClCompile Include="src\glyphs\Glyph.cc">
      <Filter>Source Files</Filter>
    </ClCompile>
    <ClCompile Include="src\glyphs\GlyphSet.cc">
      <Filter>Source Files</Filter>
    </ClCompile>
    <ClCompile Include="src\logging\Logger.cc">
      <Filter>Source Files</Filter>
    </ClCompile>
    <ClCompile Include="src\scenes\Scene.cc">
      <Filter>Source Files</Filter>
    </ClCompile>
    <ClCompile Include="src\scenes\SceneManager.cc">
      <Filter>Source Files</Filter>
    </ClCompile>
    <ClCompile Include="src\scripting\ScriptingInterface.cc">
      <Filter>Source Files</Filter>
    </ClCompile>
    <ClCompile Include="src\shaders\Shader.cc">
      <Filter>Source Files</Filter>
    </ClCompile>
    <ClCompile Include="src\shaders\ShaderManager.cc">
      <Filter>Source Files</Filter>
    </ClCompile>
    <ClCompile Include="src\timing\FPSManager.cc">
      <Filter>Source Files</Filter>
    </ClCompile>
    <ClCompile Include="src\timing\Timer.cc">
      <Filter>Source Files</Filter>
    </ClCompile>
    <ClCompile Include="src\utility\DebugFunctions.cc">
      <Filter>Source Files</Filter>
    </ClCompile>
    <ClCompile Include="src\utility\FTUtils.cc">
      <Filter>Source Files</Filter>
    </ClCompile>
    <ClCompile Include="src\utility\GLUtils.cc">
      <Filter>Source Files</Filter>
    </ClCompile>
    <ClCompile Include="src\utility\Init.cc">
      <Filter>Source Files</Filter>
    </ClCompile>
    <ClCompile Include="src\utility\LoggingUtils.cc">
      <Filter>Source Files</Filter>
    </ClCompile>
    <ClCompile Include="src\window\Window.cc">
      <Filter>Source Files</Filter>
    </ClCompile>
    <ClCompile Include="src\main.cc">
      <Filter>Source Files</Filter>
    </ClCompile>
  </ItemGroup>
  <ItemGroup>
    <ClInclude Include="src\application\Application.h">
      <Filter>Header Files</Filter>
    </ClInclude>
    <ClInclude Include="src\drawing\DrawFunctions.h">
      <Filter>Header Files</Filter>
    </ClInclude>
    <ClInclude Include="src\events\InputManager.h">
      <Filter>Header Files</Filter>
    </ClInclude>
    <ClInclude Include="src\fonts\FontAtlas.h">
      <Filter>Header Files</Filter>
    </ClInclude>
    <ClInclude Include="src\fonts\FontAtlasManager.h">
      <Filter>Header Files</Filter>
    </ClInclude>
    <ClInclude Include="src\glyphs\Glyph.h">
      <Filter>Header Files</Filter>
    </ClInclude>
    <ClInclude Include="src\glyphs\GlyphSet.h">
      <Filter>Header Files</Filter>
    </ClInclude>
    <ClInclude Include="src\logging\Logger.h">
      <Filter>Header Files</Filter>
    </ClInclude>
    <ClInclude Include="src\scenes\Scene.h">
      <Filter>Header Files</Filter>
    </ClInclude>
    <ClInclude Include="src\scenes\SceneManager.h">
      <Filter>Header Files</Filter>
    </ClInclude>
    <ClInclude Include="src\scripting\Assert.h">
      <Filter>Header Files</Filter>
    </ClInclude>
    <ClInclude Include="src\scripting\ScriptingInterface.h">
      <Filter>Header Files</Filter>
    </ClInclude>
    <ClInclude Include="src\shaders\Shader.h">
      <Filter>Header Files</Filter>
    </ClInclude>
    <ClInclude Include="src\shaders\ShaderManager.h">
      <Filter>Header Files</Filter>
    </ClInclude>
    <ClInclude Include="src\timing\FPSManager.h">
      <Filter>Header Files</Filter>
    </ClInclude>
    <ClInclude Include="src\timing\Timer.h">
      <Filter>Header Files</Filter>
    </ClInclude>
    <ClInclude Include="src\utility\Color.h">
      <Filter>Header Files</Filter>
    </ClInclude>
    <ClInclude Include="src\utility\DebugFunctions.h">
      <Filter>Header Files</Filter>
    </ClInclude>
    <ClInclude Include="src\utility\FTUtils.h">
      <Filter>Header Files</Filter>
    </ClInclude>
    <ClInclude Include="src\utility\GLUtils.h">
      <Filter>Header Files</Filter>
    </ClInclude>
    <ClInclude Include="src\utility\Init.h">
      <Filter>Header Files</Filter>
    </ClInclude>
    <ClInclude Include="src\utility\LoggingUtils.h">
      <Filter>Header Files</Filter>
    </ClInclude>
    <ClInclude Include="src\utility\SDLUtils.h">
      <Filter>Header Files</Filter>
    </ClInclude>
    <ClInclude Include="src\utility\SolUtils.h">
      <Filter>Header Files</Filter>
    </ClInclude>
    <ClInclude Include="src\window\Window.h">
      <Filter>Header Files</Filter>
    </ClInclude>
  </ItemGroup>
</Project>