<?xml version="1.0" encoding="utf-8"?>
<Project ToolsVersion="4.0" xmlns="http://schemas.microsoft.com/developer/msbuild/2003">
  <ItemGroup>
    <Filter Include="Source Files">
      <UniqueIdentifier>{4FC737F1-C7A5-4376-A066-2A32D752A2FF}</UniqueIdentifier>
      <Extensions>cpp;c;cc;cxx;def;odl;idl;hpj;bat;asm;asmx</Extensions>
    </Filter>
    <Filter Include="Header Files">
      <UniqueIdentifier>{93995380-89BD-4b04-88EB-625FBE52EBFB}</UniqueIdentifier>
      <Extensions>h;hh;hpp;hxx;hm;inl;inc;ipp;xsd</Extensions>
    </Filter>
    <Filter Include="Resource Files">
      <UniqueIdentifier>{67DA6AB6-F800-4c08-8B7A-83BB121AAD01}</UniqueIdentifier>
      <Extensions>rc;ico;cur;bmp;dlg;rc2;rct;bin;rgs;gif;jpg;jpeg;jpe;resx;tiff;tif;png;wav;mfcribbon-ms</Extensions>
    </Filter>
  </ItemGroup>
  <ItemGroup>
    <ClCompile Include="src\main.cc">
      <Filter>Source Files</Filter>
    </ClCompile>
    <ClCompile Include="src\application\Application.cc">
      <Filter>Source Files</Filter>
    </ClCompile>
    <ClCompile Include="src\data\Uniform.cc">
      <Filter>Source Files</Filter>
    </ClCompile>
    <ClCompile Include="src\events\InputManager.cc">
      <Filter>Source Files</Filter>
    </ClCompile>
    <ClCompile Include="src\events\Listener.cc">
      <Filter>Source Files</Filter>
    </ClCompile>
    <ClCompile Include="src\logging\Logger.cc">
      <Filter>Source Files</Filter>
    </ClCompile>
    <ClCompile Include="src\objects\Object.cc">
      <Filter>Source Files</Filter>
    </ClCompile>
    <ClCompile Include="src\objects\ObjectManager.cc">
      <Filter>Source Files</Filter>
    </ClCompile>
    <ClCompile Include="src\resources\Audio.cc">
      <Filter>Source Files</Filter>
    </ClCompile>
    <ClCompile Include="src\resources\Background.cc">
      <Filter>Source Files</Filter>
    </ClCompile>
    <ClCompile Include="src\resources\FontAtlas.cc">
      <Filter>Source Files</Filter>
    </ClCompile>
    <ClCompile Include="src\resources\Window.cc">
      <Filter>Source Files</Filter>
    </ClCompile>
    <ClCompile Include="src\scripting\ScriptingInterface.cc">
      <Filter>Source Files</Filter>
    </ClCompile>
    <ClCompile Include="src\shaders\Shader.cc">
      <Filter>Source Files</Filter>
    </ClCompile>
    <ClCompile Include="src\system\CLArguments.cc">
      <Filter>Source Files</Filter>
    </ClCompile>
    <ClCompile Include="src\system\DebugFunctions.cc">
      <Filter>Source Files</Filter>
    </ClCompile>
    <ClCompile Include="src\system\FileFunctions.cc">
      <Filter>Source Files</Filter>
    </ClCompile>
    <ClCompile Include="src\system\ImageFunctions.cc">
      <Filter>Source Files</Filter>
    </ClCompile>
    <ClCompile Include="src\timing\FPSManager.cc">
      <Filter>Source Files</Filter>
    </ClCompile>
    <ClCompile Include="src\timing\Timer.cc">
      <Filter>Source Files</Filter>
    </ClCompile>
    <ClCompile Include="src\utility\AudioUtils.cc">
      <Filter>Source Files</Filter>
    </ClCompile>
    <ClCompile Include="src\utility\FTUtils.cc">
      <Filter>Source Files</Filter>
    </ClCompile>
    <ClCompile Include="src\utility\GLUtils.cc">
      <Filter>Source Files</Filter>
    </ClCompile>
    <ClCompile Include="src\utility\miniaudio.cc">
      <Filter>Source Files</Filter>
    </ClCompile>
    <ClCompile Include="src\utility\SDLUtils.cc">
      <Filter>Source Files</Filter>
    </ClCompile>
    <ClCompile Include="src\utility\stbi.cc">
      <Filter>Source Files</Filter>
    </ClCompile>
    <ClCompile Include="src\vendor\stb_vorbis.c">
      <Filter>Source Files</Filter>
    </ClCompile>
    <ClCompile Include="src\view\View.cc">
      <Filter>Source Files</Filter>
    </ClCompile>
  </ItemGroup>
  <ItemGroup>
    <ClInclude Include="src\application\Application.h">
      <Filter>Header Files</Filter>
    </ClInclude>
    <ClInclude Include="src\data\Uniform.h">
      <Filter>Header Files</Filter>
    </ClInclude>
    <ClInclude Include="src\events\InputManager.h">
      <Filter>Header Files</Filter>
    </ClInclude>
    <ClInclude Include="src\events\Listener.h">
      <Filter>Header Files</Filter>
    </ClInclude>
    <ClInclude Include="src\objects\Glyph.h">
      <Filter>Header Files</Filter>
    </ClInclude>
    <ClInclude Include="src\objects\Object.h">
      <Filter>Header Files</Filter>
    </ClInclude>
    <ClInclude Include="src\objects\ObjectManager.h">
      <Filter>Header Files</Filter>
    </ClInclude>
    <ClInclude Include="src\resources\Audio.h">
      <Filter>Header Files</Filter>
    </ClInclude>
    <ClInclude Include="src\resources\Background.h">
      <Filter>Header Files</Filter>
    </ClInclude>
    <ClInclude Include="src\resources\FontAtlas.h">
      <Filter>Header Files</Filter>
    </ClInclude>
    <ClInclude Include="src\resources\Window.h">
      <Filter>Header Files</Filter>
    </ClInclude>
    <ClInclude Include="src\logging\Logger.h">
      <Filter>Header Files</Filter>
    </ClInclude>
    <ClInclude Include="src\scripting\ScriptingInterface.h">
      <Filter>Header Files</Filter>
    </ClInclude>
    <ClInclude Include="src\scripting\bindings\EventBindings.h">
      <Filter>Header Files</Filter>
    </ClInclude>
    <ClInclude Include="src\scripting\bindings\FileBindings.h">
      <Filter>Header Files</Filter>
    </ClInclude>
    <ClInclude Include="src\scripting\bindings\glmBindings.h">
      <Filter>Header Files</Filter>
    </ClInclude>
    <ClInclude Include="src\scripting\bindings\ObjectBindings.h">
      <Filter>Header Files</Filter>
    </ClInclude>
    <ClInclude Include="src\scripting\bindings\ResourceBindings.h">
      <Filter>Header Files</Filter>
    </ClInclude>
    <ClInclude Include="src\scripting\bindings\TimingBindings.h">
      <Filter>Header Files</Filter>
    </ClInclude>
    <ClInclude Include="src\scripting\bindings\UtilityBindings.h">
      <Filter>Header Files</Filter>
    </ClInclude>
    <ClInclude Include="src\scripting\bindings\ViewBindings.h">
      <Filter>Header Files</Filter>
    </ClInclude>
    <ClInclude Include="src\shaders\Shader.h">
      <Filter>Header Files</Filter>
    </ClInclude>
    <ClInclude Include="src\shaders\background.h">
      <Filter>Header Files</Filter>
    </ClInclude>
    <ClInclude Include="src\shaders\glyph.h">
      <Filter>Header Files</Filter>
    </ClInclude>
    <ClInclude Include="src\system\CLArguments.h">
      <Filter>Header Files</Filter>
    </ClInclude>
    <ClInclude Include="src\system\DebugFunctions.h">
      <Filter>Header Files</Filter>
    </ClInclude>
    <ClInclude Include="src\system\FileFunctions.h">
      <Filter>Header Files</Filter>
    </ClInclude>
    <ClInclude Include="src\system\ImageFunctions.h">
      <Filter>Header Files</Filter>
    </ClInclude>
    <ClInclude Include="src\timing\FPSManager.h">
      <Filter>Header Files</Filter>
    </ClInclude>
    <ClInclude Include="src\timing\Timer.h">
      <Filter>Header Files</Filter>
    </ClInclude>
    <ClInclude Include="src\utility\AudioUtils.h">
      <Filter>Header Files</Filter>
    </ClInclude>
    <ClInclude Include="src\utility\FTUtils.h">
      <Filter>Header Files</Filter>
    </ClInclude>
    <ClInclude Include="src\utility\GLUtils.h">
      <Filter>Header Files</Filter>
    </ClInclude>
    <ClInclude Include="src\utility\SDLUtils.h">
      <Filter>Header Files</Filter>
    </ClInclude>
    <ClInclude Include="src\utility\SolUtils.h">
      <Filter>Header Files</Filter>
    </ClInclude>
    <ClInclude Include="src\vendor\miniaudio.h">
      <Filter>Header Files</Filter>
    </ClInclude>
    <ClInclude Include="src\vendor\stb_image.h">
      <Filter>Header Files</Filter>
    </ClInclude>
    <ClInclude Include="src\view\View.h">
      <Filter>Header Files</Filter>
    </ClInclude>
  </ItemGroup>
</Project>